{
  "name": "braziw-plugin-wcm",
  "version": "4.0.0",
  "lockfileVersion": 1,
  "requires": true,
  "dependencies": {
    "path.join": {
      "version": "1.0.0",
      "resolved": "https://registry.npmjs.org/path.join/-/path.join-1.0.0.tgz",
      "integrity": "sha1-C0Agkr2BEosoGeeAVwxJ3j3fGd4="
    },
    "simple-mime": {
      "version": "0.1.0",
      "resolved": "https://registry.npmjs.org/simple-mime/-/simple-mime-0.1.0.tgz",
      "integrity": "sha1-lfUXxPRm18/1YacfydqyWW6p7y4="
    }
  }
}
